// !$*UTF8*$!
{
	archiveVersion = 1;
	classes = {
	};
	objectVersion = 46;
	objects = {

/* Begin PBXBuildFile section */
		26E5AF6C0EC70AC04285F2A9 /* Pods_Afantizz.framework in Frameworks */ = {isa = PBXBuildFile; fileRef = D94F947A97574C6978C16D6D /* Pods_Afantizz.framework */; };
		B91DEB0B1F1322ED002B3919 /* AppDelegate.swift in Sources */ = {isa = PBXBuildFile; fileRef = B91DEB0A1F1322ED002B3919 /* AppDelegate.swift */; };
		B91DEB0D1F1322ED002B3919 /* ViewController.swift in Sources */ = {isa = PBXBuildFile; fileRef = B91DEB0C1F1322ED002B3919 /* ViewController.swift */; };
		B91DEB121F1322ED002B3919 /* Assets.xcassets in Resources */ = {isa = PBXBuildFile; fileRef = B91DEB111F1322ED002B3919 /* Assets.xcassets */; };
		B91DEB151F1322ED002B3919 /* LaunchScreen.storyboard in Resources */ = {isa = PBXBuildFile; fileRef = B91DEB131F1322ED002B3919 /* LaunchScreen.storyboard */; };
		B91DEB241F133270002B3919 /* UIColor+extension.swift in Sources */ = {isa = PBXBuildFile; fileRef = B91DEB231F133270002B3919 /* UIColor+extension.swift */; };
		B91DEBB91F147028002B3919 /* Networker.swift in Sources */ = {isa = PBXBuildFile; fileRef = B91DEBB81F147028002B3919 /* Networker.swift */; };
		B91DEBBB1F14748D002B3919 /* ServerUrl.swift in Sources */ = {isa = PBXBuildFile; fileRef = B91DEBBA1F14748D002B3919 /* ServerUrl.swift */; };
		B91DEBBD1F14B13F002B3919 /* UIViewController+extension.swift in Sources */ = {isa = PBXBuildFile; fileRef = B91DEBBC1F14B13F002B3919 /* UIViewController+extension.swift */; };
		B91DEBC11F14B4EA002B3919 /* BaseController.swift in Sources */ = {isa = PBXBuildFile; fileRef = B91DEBC01F14B4EA002B3919 /* BaseController.swift */; };
		B91DEBC31F14B524002B3919 /* BaseView.swift in Sources */ = {isa = PBXBuildFile; fileRef = B91DEBC21F14B524002B3919 /* BaseView.swift */; };
		B91DEBC51F14B544002B3919 /* LoadingBackgroundView.swift in Sources */ = {isa = PBXBuildFile; fileRef = B91DEBC41F14B544002B3919 /* LoadingBackgroundView.swift */; };
		B91DEBC71F14B902002B3919 /* NavigationController.swift in Sources */ = {isa = PBXBuildFile; fileRef = B91DEBC61F14B902002B3919 /* NavigationController.swift */; };
		B91DEBC91F14B93C002B3919 /* TabBarController.swift in Sources */ = {isa = PBXBuildFile; fileRef = B91DEBC81F14B93C002B3919 /* TabBarController.swift */; };
		B91DEBCB1F14BA21002B3919 /* UIImage+extension.swift in Sources */ = {isa = PBXBuildFile; fileRef = B91DEBCA1F14BA21002B3919 /* UIImage+extension.swift */; };
		B92429ED1F413FCA00706084 /* MyReleaseController.swift in Sources */ = {isa = PBXBuildFile; fileRef = B92429EC1F413FCA00706084 /* MyReleaseController.swift */; };
		B92429EF1F413FDD00706084 /* MyCollectionController.swift in Sources */ = {isa = PBXBuildFile; fileRef = B92429EE1F413FDD00706084 /* MyCollectionController.swift */; };
		B92429F11F413FEE00706084 /* FeedbackController.swift in Sources */ = {isa = PBXBuildFile; fileRef = B92429F01F413FEE00706084 /* FeedbackController.swift */; };
		B92429F31F41434300706084 /* Str.swift in Sources */ = {isa = PBXBuildFile; fileRef = B92429F21F41434300706084 /* Str.swift */; };
		B92429F51F41859100706084 /* BaseCollectionView.swift in Sources */ = {isa = PBXBuildFile; fileRef = B92429F41F41859100706084 /* BaseCollectionView.swift */; };
		B92429F71F4185C900706084 /* FilterView.swift in Sources */ = {isa = PBXBuildFile; fileRef = B92429F61F4185C900706084 /* FilterView.swift */; };
		B92429F91F418D5500706084 /* FilterCell.swift in Sources */ = {isa = PBXBuildFile; fileRef = B92429F81F418D5500706084 /* FilterCell.swift */; };
		B92429FB1F41955000706084 /* DistrictOptionView.swift in Sources */ = {isa = PBXBuildFile; fileRef = B92429FA1F41955000706084 /* DistrictOptionView.swift */; };
		B92429FD1F41956800706084 /* PriceOptionView.swift in Sources */ = {isa = PBXBuildFile; fileRef = B92429FC1F41956800706084 /* PriceOptionView.swift */; };
		B92429FF1F41957F00706084 /* StyleOptionView.swift in Sources */ = {isa = PBXBuildFile; fileRef = B92429FE1F41957F00706084 /* StyleOptionView.swift */; };
		B9242A011F41959200706084 /* SubwayOptionView.swift in Sources */ = {isa = PBXBuildFile; fileRef = B9242A001F41959200706084 /* SubwayOptionView.swift */; };
		B9242A031F4195D100706084 /* HouseOptionView.swift in Sources */ = {isa = PBXBuildFile; fileRef = B9242A021F4195D100706084 /* HouseOptionView.swift */; };
		B9242A051F4199D100706084 /* DistrictOptionCell.swift in Sources */ = {isa = PBXBuildFile; fileRef = B9242A041F4199D100706084 /* DistrictOptionCell.swift */; };
		B9242A071F41A2F900706084 /* PriceAndSubwayOptionCell.swift in Sources */ = {isa = PBXBuildFile; fileRef = B9242A061F41A2F800706084 /* PriceAndSubwayOptionCell.swift */; };
		B9242A091F41A38C00706084 /* BaseTableViewCell.swift in Sources */ = {isa = PBXBuildFile; fileRef = B9242A081F41A38C00706084 /* BaseTableViewCell.swift */; };
		B9242A0B1F41A40100706084 /* BaseTableView.swift in Sources */ = {isa = PBXBuildFile; fileRef = B9242A0A1F41A40100706084 /* BaseTableView.swift */; };
		B9242A0D1F41AA3C00706084 /* FirstStyleCell.swift in Sources */ = {isa = PBXBuildFile; fileRef = B9242A0C1F41AA3C00706084 /* FirstStyleCell.swift */; };
		B938E4C31F171B75005F42BF /* TableController.swift in Sources */ = {isa = PBXBuildFile; fileRef = B938E4C21F171B75005F42BF /* TableController.swift */; };
		B938E4C51F171B88005F42BF /* ListController.swift in Sources */ = {isa = PBXBuildFile; fileRef = B938E4C41F171B88005F42BF /* ListController.swift */; };
		B938E4C71F172663005F42BF /* BaseViewModel.swift in Sources */ = {isa = PBXBuildFile; fileRef = B938E4C61F172663005F42BF /* BaseViewModel.swift */; };
		B93A42901F32F72D009EBACE /* PullTableView.swift in Sources */ = {isa = PBXBuildFile; fileRef = B93A428F1F32F72D009EBACE /* PullTableView.swift */; };
		B93A42921F32FC3B009EBACE /* PagingViewModel.swift in Sources */ = {isa = PBXBuildFile; fileRef = B93A42911F32FC3B009EBACE /* PagingViewModel.swift */; };
		B93A42941F3303BA009EBACE /* PagingController.swift in Sources */ = {isa = PBXBuildFile; fileRef = B93A42931F3303BA009EBACE /* PagingController.swift */; };
		B93A42961F332566009EBACE /* HouseListController.swift in Sources */ = {isa = PBXBuildFile; fileRef = B93A42951F332566009EBACE /* HouseListController.swift */; };
		B93A42981F3325BB009EBACE /* House.swift in Sources */ = {isa = PBXBuildFile; fileRef = B93A42971F3325BA009EBACE /* House.swift */; };
		B93A429A1F3327DC009EBACE /* HouseListCell.swift in Sources */ = {isa = PBXBuildFile; fileRef = B93A42991F3327DC009EBACE /* HouseListCell.swift */; };
		B94A11C2200F9BBC000428C2 /* Timestamp.swift in Sources */ = {isa = PBXBuildFile; fileRef = B94A11C1200F9BBC000428C2 /* Timestamp.swift */; };
		B94A11C420106A63000428C2 /* SDKManager.swift in Sources */ = {isa = PBXBuildFile; fileRef = B94A11C320106A63000428C2 /* SDKManager.swift */; };
		B94A11C62010A5D9000428C2 /* LaunchController.swift in Sources */ = {isa = PBXBuildFile; fileRef = B94A11C52010A5D9000428C2 /* LaunchController.swift */; };
		B96C831920182EF200A72DAA /* AfantizzError.swift in Sources */ = {isa = PBXBuildFile; fileRef = B96C831820182EF200A72DAA /* AfantizzError.swift */; };
		B96C831B2018365E00A72DAA /* BaseModel.swift in Sources */ = {isa = PBXBuildFile; fileRef = B96C831A2018365E00A72DAA /* BaseModel.swift */; };
		B97459921F34503600BAB115 /* WebViewController.swift in Sources */ = {isa = PBXBuildFile; fileRef = B97459911F34503600BAB115 /* WebViewController.swift */; };
		B97459941F3471FD00BAB115 /* HUDManager.swift in Sources */ = {isa = PBXBuildFile; fileRef = B97459931F3471FD00BAB115 /* HUDManager.swift */; };
		B97459961F3482E800BAB115 /* ErrorBackgroundView.swift in Sources */ = {isa = PBXBuildFile; fileRef = B97459951F3482E700BAB115 /* ErrorBackgroundView.swift */; };
		B97459981F38165200BAB115 /* BizConsts.swift in Sources */ = {isa = PBXBuildFile; fileRef = B97459971F38165200BAB115 /* BizConsts.swift */; };
		B97459A81F39A27100BAB115 /* CustomSearchView.swift in Sources */ = {isa = PBXBuildFile; fileRef = B97459A71F39A27100BAB115 /* CustomSearchView.swift */; };
		B97459AA1F39A2BD00BAB115 /* Global.swift in Sources */ = {isa = PBXBuildFile; fileRef = B97459A91F39A2BD00BAB115 /* Global.swift */; };
		B97459AC1F39A35800BAB115 /* HouseSearchController.swift in Sources */ = {isa = PBXBuildFile; fileRef = B97459AB1F39A35800BAB115 /* HouseSearchController.swift */; };
		B97459AE1F39A7EE00BAB115 /* HouseSearchViewModel.swift in Sources */ = {isa = PBXBuildFile; fileRef = B97459AD1F39A7EE00BAB115 /* HouseSearchViewModel.swift */; };
		B97459B01F3AE39500BAB115 /* ReleaseController.swift in Sources */ = {isa = PBXBuildFile; fileRef = B97459AF1F3AE39500BAB115 /* ReleaseController.swift */; };
		B97459B21F3AE4A500BAB115 /* User.swift in Sources */ = {isa = PBXBuildFile; fileRef = B97459B11F3AE4A500BAB115 /* User.swift */; };
		B97459B41F3AE55A00BAB115 /* LoginController.swift in Sources */ = {isa = PBXBuildFile; fileRef = B97459B31F3AE55A00BAB115 /* LoginController.swift */; };
		B97459B61F3AF09500BAB115 /* LoginViewModel.swift in Sources */ = {isa = PBXBuildFile; fileRef = B97459B51F3AF09500BAB115 /* LoginViewModel.swift */; };
		B97459B81F3C769C00BAB115 /* UserDefaults+extension.swift in Sources */ = {isa = PBXBuildFile; fileRef = B97459B71F3C769B00BAB115 /* UserDefaults+extension.swift */; };
		B97459BA1F3D500B00BAB115 /* JSInteraction.swift in Sources */ = {isa = PBXBuildFile; fileRef = B97459B91F3D500B00BAB115 /* JSInteraction.swift */; };
		B97459BC1F3D862000BAB115 /* HouseDetailController.swift in Sources */ = {isa = PBXBuildFile; fileRef = B97459BB1F3D862000BAB115 /* HouseDetailController.swift */; };
		B97459BE1F3DB16200BAB115 /* ComplainController.swift in Sources */ = {isa = PBXBuildFile; fileRef = B97459BD1F3DB16200BAB115 /* ComplainController.swift */; };
		B97459C01F3F44C000BAB115 /* MineController.swift in Sources */ = {isa = PBXBuildFile; fileRef = B97459BF1F3F44C000BAB115 /* MineController.swift */; };
		B97459C21F3F48FD00BAB115 /* MineTopView.swift in Sources */ = {isa = PBXBuildFile; fileRef = B97459C11F3F48FD00BAB115 /* MineTopView.swift */; };
		B97459C51F40330400BAB115 /* mineBg.jpg in Resources */ = {isa = PBXBuildFile; fileRef = B97459C41F40330400BAB115 /* mineBg.jpg */; };
		B97459C71F40337F00BAB115 /* head-icon.png in Resources */ = {isa = PBXBuildFile; fileRef = B97459C61F40337F00BAB115 /* head-icon.png */; };
		B97459C91F4045AD00BAB115 /* MineViewModel.swift in Sources */ = {isa = PBXBuildFile; fileRef = B97459C81F4045AD00BAB115 /* MineViewModel.swift */; };
		B97459CB1F40488C00BAB115 /* MineBottomView.swift in Sources */ = {isa = PBXBuildFile; fileRef = B97459CA1F40488C00BAB115 /* MineBottomView.swift */; };
		B981DAFF2021A92E0086029D /* ImageLoader.swift in Sources */ = {isa = PBXBuildFile; fileRef = B981DAFE2021A92E0086029D /* ImageLoader.swift */; };
		B981DB012021ACCB0086029D /* String+extension.swift in Sources */ = {isa = PBXBuildFile; fileRef = B981DB002021ACCB0086029D /* String+extension.swift */; };
		B981DB032021CE250086029D /* PaddingLabel.swift in Sources */ = {isa = PBXBuildFile; fileRef = B981DB022021CE250086029D /* PaddingLabel.swift */; };
		B990BCC41FF388A0009E5619 /* ListViewModel.swift in Sources */ = {isa = PBXBuildFile; fileRef = B990BCC31FF388A0009E5619 /* ListViewModel.swift */; };
		B990BCC61FF39819009E5619 /* App.swift in Sources */ = {isa = PBXBuildFile; fileRef = B990BCC51FF39819009E5619 /* App.swift */; };
		B998B17D201EF75000AF58EA /* TestController.swift in Sources */ = {isa = PBXBuildFile; fileRef = B998B17C201EF75000AF58EA /* TestController.swift */; };
		B9ADE6582030363E002E8686 /* BaseConfig.swift in Sources */ = {isa = PBXBuildFile; fileRef = B9ADE6572030363E002E8686 /* BaseConfig.swift */; };
		B9ADE65A20304B18002E8686 /* UserDefaultsKey.swift in Sources */ = {isa = PBXBuildFile; fileRef = B9ADE65920304B18002E8686 /* UserDefaultsKey.swift */; };
		B9ADE65C20304C7E002E8686 /* ConfigManager.swift in Sources */ = {isa = PBXBuildFile; fileRef = B9ADE65B20304C7E002E8686 /* ConfigManager.swift */; };
		B9BCDD791F540EEF003282DE /* SlideView.swift in Sources */ = {isa = PBXBuildFile; fileRef = B9BCDD781F540EEF003282DE /* SlideView.swift */; };
		B9BCDD7B1F540F27003282DE /* SortSlideView.swift in Sources */ = {isa = PBXBuildFile; fileRef = B9BCDD7A1F540F27003282DE /* SortSlideView.swift */; };
		B9BCDD7D1F541038003282DE /* Number+extension.swift in Sources */ = {isa = PBXBuildFile; fileRef = B9BCDD7C1F541038003282DE /* Number+extension.swift */; };
		B9FBFE311F4291430092AE75 /* Notifications.swift in Sources */ = {isa = PBXBuildFile; fileRef = B9FBFE301F4291430092AE75 /* Notifications.swift */; };
		B9FBFE331F42A5890092AE75 /* SecondStyleCell.swift in Sources */ = {isa = PBXBuildFile; fileRef = B9FBFE321F42A5890092AE75 /* SecondStyleCell.swift */; };
		B9FBFE351F42D4F90092AE75 /* HouseListViewModel.swift in Sources */ = {isa = PBXBuildFile; fileRef = B9FBFE341F42D4F90092AE75 /* HouseListViewModel.swift */; };
		B9FBFE371F43F3330092AE75 /* Defines.swift in Sources */ = {isa = PBXBuildFile; fileRef = B9FBFE361F43F3330092AE75 /* Defines.swift */; };
/* End PBXBuildFile section */

/* Begin PBXFileReference section */
		14B02A5E177DF35E1B850FE3 /* Pods-Afantizz.release.xcconfig */ = {isa = PBXFileReference; includeInIndex = 1; lastKnownFileType = text.xcconfig; name = "Pods-Afantizz.release.xcconfig"; path = "Pods/Target Support Files/Pods-Afantizz/Pods-Afantizz.release.xcconfig"; sourceTree = "<group>"; };
		973AF5DD7CEA8605FCD9BB5D /* Pods-Afantizz.debug.xcconfig */ = {isa = PBXFileReference; includeInIndex = 1; lastKnownFileType = text.xcconfig; name = "Pods-Afantizz.debug.xcconfig"; path = "Pods/Target Support Files/Pods-Afantizz/Pods-Afantizz.debug.xcconfig"; sourceTree = "<group>"; };
		B91DEB071F1322ED002B3919 /* Afantizz.app */ = {isa = PBXFileReference; explicitFileType = wrapper.application; includeInIndex = 0; path = Afantizz.app; sourceTree = BUILT_PRODUCTS_DIR; };
		B91DEB0A1F1322ED002B3919 /* AppDelegate.swift */ = {isa = PBXFileReference; lastKnownFileType = sourcecode.swift; path = AppDelegate.swift; sourceTree = "<group>"; };
		B91DEB0C1F1322ED002B3919 /* ViewController.swift */ = {isa = PBXFileReference; lastKnownFileType = sourcecode.swift; path = ViewController.swift; sourceTree = "<group>"; };
		B91DEB111F1322ED002B3919 /* Assets.xcassets */ = {isa = PBXFileReference; lastKnownFileType = folder.assetcatalog; path = Assets.xcassets; sourceTree = "<group>"; };
		B91DEB141F1322ED002B3919 /* Base */ = {isa = PBXFileReference; lastKnownFileType = file.storyboard; name = Base; path = Base.lproj/LaunchScreen.storyboard; sourceTree = "<group>"; };
		B91DEB161F1322ED002B3919 /* Info.plist */ = {isa = PBXFileReference; lastKnownFileType = text.plist.xml; path = Info.plist; sourceTree = "<group>"; };
		B91DEB231F133270002B3919 /* UIColor+extension.swift */ = {isa = PBXFileReference; fileEncoding = 4; lastKnownFileType = sourcecode.swift; path = "UIColor+extension.swift"; sourceTree = "<group>"; };
		B91DEBB81F147028002B3919 /* Networker.swift */ = {isa = PBXFileReference; fileEncoding = 4; lastKnownFileType = sourcecode.swift; path = Networker.swift; sourceTree = "<group>"; };
		B91DEBBA1F14748D002B3919 /* ServerUrl.swift */ = {isa = PBXFileReference; fileEncoding = 4; lastKnownFileType = sourcecode.swift; path = ServerUrl.swift; sourceTree = "<group>"; };
		B91DEBBC1F14B13F002B3919 /* UIViewController+extension.swift */ = {isa = PBXFileReference; fileEncoding = 4; lastKnownFileType = sourcecode.swift; path = "UIViewController+extension.swift"; sourceTree = "<group>"; };
		B91DEBC01F14B4EA002B3919 /* BaseController.swift */ = {isa = PBXFileReference; fileEncoding = 4; lastKnownFileType = sourcecode.swift; path = BaseController.swift; sourceTree = "<group>"; };
		B91DEBC21F14B524002B3919 /* BaseView.swift */ = {isa = PBXFileReference; fileEncoding = 4; lastKnownFileType = sourcecode.swift; path = BaseView.swift; sourceTree = "<group>"; };
		B91DEBC41F14B544002B3919 /* LoadingBackgroundView.swift */ = {isa = PBXFileReference; fileEncoding = 4; lastKnownFileType = sourcecode.swift; path = LoadingBackgroundView.swift; sourceTree = "<group>"; };
		B91DEBC61F14B902002B3919 /* NavigationController.swift */ = {isa = PBXFileReference; fileEncoding = 4; lastKnownFileType = sourcecode.swift; path = NavigationController.swift; sourceTree = "<group>"; };
		B91DEBC81F14B93C002B3919 /* TabBarController.swift */ = {isa = PBXFileReference; fileEncoding = 4; lastKnownFileType = sourcecode.swift; path = TabBarController.swift; sourceTree = "<group>"; };
		B91DEBCA1F14BA21002B3919 /* UIImage+extension.swift */ = {isa = PBXFileReference; fileEncoding = 4; lastKnownFileType = sourcecode.swift; path = "UIImage+extension.swift"; sourceTree = "<group>"; };
		B92429EC1F413FCA00706084 /* MyReleaseController.swift */ = {isa = PBXFileReference; fileEncoding = 4; lastKnownFileType = sourcecode.swift; path = MyReleaseController.swift; sourceTree = "<group>"; };
		B92429EE1F413FDD00706084 /* MyCollectionController.swift */ = {isa = PBXFileReference; fileEncoding = 4; lastKnownFileType = sourcecode.swift; path = MyCollectionController.swift; sourceTree = "<group>"; };
		B92429F01F413FEE00706084 /* FeedbackController.swift */ = {isa = PBXFileReference; fileEncoding = 4; lastKnownFileType = sourcecode.swift; path = FeedbackController.swift; sourceTree = "<group>"; };
		B92429F21F41434300706084 /* Str.swift */ = {isa = PBXFileReference; fileEncoding = 4; lastKnownFileType = sourcecode.swift; path = Str.swift; sourceTree = "<group>"; };
		B92429F41F41859100706084 /* BaseCollectionView.swift */ = {isa = PBXFileReference; fileEncoding = 4; lastKnownFileType = sourcecode.swift; path = BaseCollectionView.swift; sourceTree = "<group>"; };
		B92429F61F4185C900706084 /* FilterView.swift */ = {isa = PBXFileReference; fileEncoding = 4; lastKnownFileType = sourcecode.swift; path = FilterView.swift; sourceTree = "<group>"; };
		B92429F81F418D5500706084 /* FilterCell.swift */ = {isa = PBXFileReference; fileEncoding = 4; lastKnownFileType = sourcecode.swift; path = FilterCell.swift; sourceTree = "<group>"; };
		B92429FA1F41955000706084 /* DistrictOptionView.swift */ = {isa = PBXFileReference; fileEncoding = 4; lastKnownFileType = sourcecode.swift; path = DistrictOptionView.swift; sourceTree = "<group>"; };
		B92429FC1F41956800706084 /* PriceOptionView.swift */ = {isa = PBXFileReference; fileEncoding = 4; lastKnownFileType = sourcecode.swift; path = PriceOptionView.swift; sourceTree = "<group>"; };
		B92429FE1F41957F00706084 /* StyleOptionView.swift */ = {isa = PBXFileReference; fileEncoding = 4; lastKnownFileType = sourcecode.swift; path = StyleOptionView.swift; sourceTree = "<group>"; };
		B9242A001F41959200706084 /* SubwayOptionView.swift */ = {isa = PBXFileReference; fileEncoding = 4; lastKnownFileType = sourcecode.swift; path = SubwayOptionView.swift; sourceTree = "<group>"; };
		B9242A021F4195D100706084 /* HouseOptionView.swift */ = {isa = PBXFileReference; fileEncoding = 4; lastKnownFileType = sourcecode.swift; path = HouseOptionView.swift; sourceTree = "<group>"; };
		B9242A041F4199D100706084 /* DistrictOptionCell.swift */ = {isa = PBXFileReference; fileEncoding = 4; lastKnownFileType = sourcecode.swift; path = DistrictOptionCell.swift; sourceTree = "<group>"; };
		B9242A061F41A2F800706084 /* PriceAndSubwayOptionCell.swift */ = {isa = PBXFileReference; fileEncoding = 4; lastKnownFileType = sourcecode.swift; path = PriceAndSubwayOptionCell.swift; sourceTree = "<group>"; };
		B9242A081F41A38C00706084 /* BaseTableViewCell.swift */ = {isa = PBXFileReference; fileEncoding = 4; lastKnownFileType = sourcecode.swift; path = BaseTableViewCell.swift; sourceTree = "<group>"; };
		B9242A0A1F41A40100706084 /* BaseTableView.swift */ = {isa = PBXFileReference; fileEncoding = 4; lastKnownFileType = sourcecode.swift; path = BaseTableView.swift; sourceTree = "<group>"; };
		B9242A0C1F41AA3C00706084 /* FirstStyleCell.swift */ = {isa = PBXFileReference; fileEncoding = 4; lastKnownFileType = sourcecode.swift; path = FirstStyleCell.swift; sourceTree = "<group>"; };
		B938E4C21F171B75005F42BF /* TableController.swift */ = {isa = PBXFileReference; fileEncoding = 4; lastKnownFileType = sourcecode.swift; path = TableController.swift; sourceTree = "<group>"; };
		B938E4C41F171B88005F42BF /* ListController.swift */ = {isa = PBXFileReference; fileEncoding = 4; lastKnownFileType = sourcecode.swift; path = ListController.swift; sourceTree = "<group>"; };
		B938E4C61F172663005F42BF /* BaseViewModel.swift */ = {isa = PBXFileReference; fileEncoding = 4; lastKnownFileType = sourcecode.swift; path = BaseViewModel.swift; sourceTree = "<group>"; };
		B93A428F1F32F72D009EBACE /* PullTableView.swift */ = {isa = PBXFileReference; fileEncoding = 4; lastKnownFileType = sourcecode.swift; path = PullTableView.swift; sourceTree = "<group>"; };
		B93A42911F32FC3B009EBACE /* PagingViewModel.swift */ = {isa = PBXFileReference; fileEncoding = 4; lastKnownFileType = sourcecode.swift; path = PagingViewModel.swift; sourceTree = "<group>"; };
		B93A42931F3303BA009EBACE /* PagingController.swift */ = {isa = PBXFileReference; fileEncoding = 4; lastKnownFileType = sourcecode.swift; path = PagingController.swift; sourceTree = "<group>"; };
		B93A42951F332566009EBACE /* HouseListController.swift */ = {isa = PBXFileReference; fileEncoding = 4; lastKnownFileType = sourcecode.swift; path = HouseListController.swift; sourceTree = "<group>"; };
		B93A42971F3325BA009EBACE /* House.swift */ = {isa = PBXFileReference; fileEncoding = 4; lastKnownFileType = sourcecode.swift; path = House.swift; sourceTree = "<group>"; };
		B93A42991F3327DC009EBACE /* HouseListCell.swift */ = {isa = PBXFileReference; fileEncoding = 4; lastKnownFileType = sourcecode.swift; path = HouseListCell.swift; sourceTree = "<group>"; };
		B94A11C1200F9BBC000428C2 /* Timestamp.swift */ = {isa = PBXFileReference; lastKnownFileType = sourcecode.swift; path = Timestamp.swift; sourceTree = "<group>"; };
		B94A11C320106A63000428C2 /* SDKManager.swift */ = {isa = PBXFileReference; fileEncoding = 4; lastKnownFileType = sourcecode.swift; path = SDKManager.swift; sourceTree = "<group>"; };
		B94A11C52010A5D9000428C2 /* LaunchController.swift */ = {isa = PBXFileReference; lastKnownFileType = sourcecode.swift; path = LaunchController.swift; sourceTree = "<group>"; };
		B96C831820182EF200A72DAA /* AfantizzError.swift */ = {isa = PBXFileReference; lastKnownFileType = sourcecode.swift; path = AfantizzError.swift; sourceTree = "<group>"; };
		B96C831A2018365E00A72DAA /* BaseModel.swift */ = {isa = PBXFileReference; lastKnownFileType = sourcecode.swift; path = BaseModel.swift; sourceTree = "<group>"; };
		B97459911F34503600BAB115 /* WebViewController.swift */ = {isa = PBXFileReference; fileEncoding = 4; lastKnownFileType = sourcecode.swift; path = WebViewController.swift; sourceTree = "<group>"; };
		B97459931F3471FD00BAB115 /* HUDManager.swift */ = {isa = PBXFileReference; fileEncoding = 4; lastKnownFileType = sourcecode.swift; path = HUDManager.swift; sourceTree = "<group>"; };
		B97459951F3482E700BAB115 /* ErrorBackgroundView.swift */ = {isa = PBXFileReference; fileEncoding = 4; lastKnownFileType = sourcecode.swift; path = ErrorBackgroundView.swift; sourceTree = "<group>"; };
		B97459971F38165200BAB115 /* BizConsts.swift */ = {isa = PBXFileReference; fileEncoding = 4; lastKnownFileType = sourcecode.swift; path = BizConsts.swift; sourceTree = "<group>"; };
		B97459A71F39A27100BAB115 /* CustomSearchView.swift */ = {isa = PBXFileReference; fileEncoding = 4; lastKnownFileType = sourcecode.swift; path = CustomSearchView.swift; sourceTree = "<group>"; };
		B97459A91F39A2BD00BAB115 /* Global.swift */ = {isa = PBXFileReference; fileEncoding = 4; lastKnownFileType = sourcecode.swift; path = Global.swift; sourceTree = "<group>"; };
		B97459AB1F39A35800BAB115 /* HouseSearchController.swift */ = {isa = PBXFileReference; fileEncoding = 4; lastKnownFileType = sourcecode.swift; path = HouseSearchController.swift; sourceTree = "<group>"; };
		B97459AD1F39A7EE00BAB115 /* HouseSearchViewModel.swift */ = {isa = PBXFileReference; fileEncoding = 4; lastKnownFileType = sourcecode.swift; path = HouseSearchViewModel.swift; sourceTree = "<group>"; };
		B97459AF1F3AE39500BAB115 /* ReleaseController.swift */ = {isa = PBXFileReference; fileEncoding = 4; lastKnownFileType = sourcecode.swift; path = ReleaseController.swift; sourceTree = "<group>"; };
		B97459B11F3AE4A500BAB115 /* User.swift */ = {isa = PBXFileReference; fileEncoding = 4; lastKnownFileType = sourcecode.swift; path = User.swift; sourceTree = "<group>"; };
		B97459B31F3AE55A00BAB115 /* LoginController.swift */ = {isa = PBXFileReference; fileEncoding = 4; lastKnownFileType = sourcecode.swift; path = LoginController.swift; sourceTree = "<group>"; };
		B97459B51F3AF09500BAB115 /* LoginViewModel.swift */ = {isa = PBXFileReference; fileEncoding = 4; lastKnownFileType = sourcecode.swift; path = LoginViewModel.swift; sourceTree = "<group>"; };
		B97459B71F3C769B00BAB115 /* UserDefaults+extension.swift */ = {isa = PBXFileReference; fileEncoding = 4; lastKnownFileType = sourcecode.swift; path = "UserDefaults+extension.swift"; sourceTree = "<group>"; };
		B97459B91F3D500B00BAB115 /* JSInteraction.swift */ = {isa = PBXFileReference; fileEncoding = 4; lastKnownFileType = sourcecode.swift; path = JSInteraction.swift; sourceTree = "<group>"; };
		B97459BB1F3D862000BAB115 /* HouseDetailController.swift */ = {isa = PBXFileReference; fileEncoding = 4; lastKnownFileType = sourcecode.swift; path = HouseDetailController.swift; sourceTree = "<group>"; };
		B97459BD1F3DB16200BAB115 /* ComplainController.swift */ = {isa = PBXFileReference; fileEncoding = 4; lastKnownFileType = sourcecode.swift; path = ComplainController.swift; sourceTree = "<group>"; };
		B97459BF1F3F44C000BAB115 /* MineController.swift */ = {isa = PBXFileReference; fileEncoding = 4; lastKnownFileType = sourcecode.swift; path = MineController.swift; sourceTree = "<group>"; };
		B97459C11F3F48FD00BAB115 /* MineTopView.swift */ = {isa = PBXFileReference; fileEncoding = 4; lastKnownFileType = sourcecode.swift; path = MineTopView.swift; sourceTree = "<group>"; };
		B97459C41F40330400BAB115 /* mineBg.jpg */ = {isa = PBXFileReference; lastKnownFileType = image.jpeg; path = mineBg.jpg; sourceTree = "<group>"; };
		B97459C61F40337F00BAB115 /* head-icon.png */ = {isa = PBXFileReference; lastKnownFileType = image.png; path = "head-icon.png"; sourceTree = "<group>"; };
		B97459C81F4045AD00BAB115 /* MineViewModel.swift */ = {isa = PBXFileReference; fileEncoding = 4; lastKnownFileType = sourcecode.swift; path = MineViewModel.swift; sourceTree = "<group>"; };
		B97459CA1F40488C00BAB115 /* MineBottomView.swift */ = {isa = PBXFileReference; fileEncoding = 4; lastKnownFileType = sourcecode.swift; path = MineBottomView.swift; sourceTree = "<group>"; };
		B981DAFE2021A92E0086029D /* ImageLoader.swift */ = {isa = PBXFileReference; lastKnownFileType = sourcecode.swift; path = ImageLoader.swift; sourceTree = "<group>"; };
		B981DB002021ACCB0086029D /* String+extension.swift */ = {isa = PBXFileReference; lastKnownFileType = sourcecode.swift; path = "String+extension.swift"; sourceTree = "<group>"; };
		B981DB022021CE250086029D /* PaddingLabel.swift */ = {isa = PBXFileReference; lastKnownFileType = sourcecode.swift; path = PaddingLabel.swift; sourceTree = "<group>"; };
		B990BCC31FF388A0009E5619 /* ListViewModel.swift */ = {isa = PBXFileReference; lastKnownFileType = sourcecode.swift; path = ListViewModel.swift; sourceTree = "<group>"; };
		B990BCC51FF39819009E5619 /* App.swift */ = {isa = PBXFileReference; lastKnownFileType = sourcecode.swift; path = App.swift; sourceTree = "<group>"; };
		B998B17C201EF75000AF58EA /* TestController.swift */ = {isa = PBXFileReference; lastKnownFileType = sourcecode.swift; path = TestController.swift; sourceTree = "<group>"; };
		B9ADE6572030363E002E8686 /* BaseConfig.swift */ = {isa = PBXFileReference; lastKnownFileType = sourcecode.swift; path = BaseConfig.swift; sourceTree = "<group>"; };
		B9ADE65920304B18002E8686 /* UserDefaultsKey.swift */ = {isa = PBXFileReference; lastKnownFileType = sourcecode.swift; path = UserDefaultsKey.swift; sourceTree = "<group>"; };
		B9ADE65B20304C7E002E8686 /* ConfigManager.swift */ = {isa = PBXFileReference; lastKnownFileType = sourcecode.swift; path = ConfigManager.swift; sourceTree = "<group>"; };
		B9BCDD781F540EEF003282DE /* SlideView.swift */ = {isa = PBXFileReference; fileEncoding = 4; lastKnownFileType = sourcecode.swift; path = SlideView.swift; sourceTree = "<group>"; };
		B9BCDD7A1F540F27003282DE /* SortSlideView.swift */ = {isa = PBXFileReference; fileEncoding = 4; lastKnownFileType = sourcecode.swift; path = SortSlideView.swift; sourceTree = "<group>"; };
		B9BCDD7C1F541038003282DE /* Number+extension.swift */ = {isa = PBXFileReference; fileEncoding = 4; lastKnownFileType = sourcecode.swift; path = "Number+extension.swift"; sourceTree = "<group>"; };
		B9FBFE301F4291430092AE75 /* Notifications.swift */ = {isa = PBXFileReference; fileEncoding = 4; lastKnownFileType = sourcecode.swift; path = Notifications.swift; sourceTree = "<group>"; };
		B9FBFE321F42A5890092AE75 /* SecondStyleCell.swift */ = {isa = PBXFileReference; fileEncoding = 4; lastKnownFileType = sourcecode.swift; path = SecondStyleCell.swift; sourceTree = "<group>"; };
		B9FBFE341F42D4F90092AE75 /* HouseListViewModel.swift */ = {isa = PBXFileReference; fileEncoding = 4; lastKnownFileType = sourcecode.swift; path = HouseListViewModel.swift; sourceTree = "<group>"; };
		B9FBFE361F43F3330092AE75 /* Defines.swift */ = {isa = PBXFileReference; fileEncoding = 4; lastKnownFileType = sourcecode.swift; path = Defines.swift; sourceTree = "<group>"; };
		D94F947A97574C6978C16D6D /* Pods_Afantizz.framework */ = {isa = PBXFileReference; explicitFileType = wrapper.framework; includeInIndex = 0; path = Pods_Afantizz.framework; sourceTree = BUILT_PRODUCTS_DIR; };
/* End PBXFileReference section */

/* Begin PBXFrameworksBuildPhase section */
		B91DEB041F1322ED002B3919 /* Frameworks */ = {
			isa = PBXFrameworksBuildPhase;
			buildActionMask = 2147483647;
			files = (
				26E5AF6C0EC70AC04285F2A9 /* Pods_Afantizz.framework in Frameworks */,
			);
			runOnlyForDeploymentPostprocessing = 0;
		};
/* End PBXFrameworksBuildPhase section */

/* Begin PBXGroup section */
		0A4109ECDE7C4F35C92FD038 /* Pods */ = {
			isa = PBXGroup;
			children = (
				973AF5DD7CEA8605FCD9BB5D /* Pods-Afantizz.debug.xcconfig */,
				14B02A5E177DF35E1B850FE3 /* Pods-Afantizz.release.xcconfig */,
			);
			name = Pods;
			sourceTree = "<group>";
		};
		B91DEAFE1F1322ED002B3919 = {
			isa = PBXGroup;
			children = (
				B91DEB091F1322ED002B3919 /* Afantizz */,
				B91DEB081F1322ED002B3919 /* Products */,
				0A4109ECDE7C4F35C92FD038 /* Pods */,
				E651AE46AC9BF46809985DA5 /* Frameworks */,
			);
			sourceTree = "<group>";
		};
		B91DEB081F1322ED002B3919 /* Products */ = {
			isa = PBXGroup;
			children = (
				B91DEB071F1322ED002B3919 /* Afantizz.app */,
			);
			name = Products;
			sourceTree = "<group>";
		};
		B91DEB091F1322ED002B3919 /* Afantizz */ = {
			isa = PBXGroup;
			children = (
				B91DEB1C1F133139002B3919 /* Controllers */,
				B91DEB1F1F133174002B3919 /* ViewModels */,
				B91DEB1D1F13314B002B3919 /* Views */,
				B91DEB1E1F13316C002B3919 /* Model */,
				B91DEB201F133199002B3919 /* Extension */,
				B91DEB221F1331CA002B3919 /* Common */,
				B97459C31F4032ED00BAB115 /* Source */,
				B91DEB0A1F1322ED002B3919 /* AppDelegate.swift */,
				B91DEB0C1F1322ED002B3919 /* ViewController.swift */,
				B91DEB111F1322ED002B3919 /* Assets.xcassets */,
				B91DEB131F1322ED002B3919 /* LaunchScreen.storyboard */,
				B91DEB161F1322ED002B3919 /* Info.plist */,
			);
			path = Afantizz;
			sourceTree = "<group>";
		};
		B91DEB1C1F133139002B3919 /* Controllers */ = {
			isa = PBXGroup;
			children = (
				B97459AB1F39A35800BAB115 /* HouseSearchController.swift */,
				B93A42951F332566009EBACE /* HouseListController.swift */,
				B97459AF1F3AE39500BAB115 /* ReleaseController.swift */,
				B97459B31F3AE55A00BAB115 /* LoginController.swift */,
				B97459BB1F3D862000BAB115 /* HouseDetailController.swift */,
				B97459BD1F3DB16200BAB115 /* ComplainController.swift */,
				B97459BF1F3F44C000BAB115 /* MineController.swift */,
				B92429EC1F413FCA00706084 /* MyReleaseController.swift */,
				B92429EE1F413FDD00706084 /* MyCollectionController.swift */,
				B92429F01F413FEE00706084 /* FeedbackController.swift */,
				B94A11C52010A5D9000428C2 /* LaunchController.swift */,
				B998B17C201EF75000AF58EA /* TestController.swift */,
			);
			name = Controllers;
			sourceTree = "<group>";
		};
		B91DEB1D1F13314B002B3919 /* Views */ = {
			isa = PBXGroup;
			children = (
				B93A42991F3327DC009EBACE /* HouseListCell.swift */,
				B97459C11F3F48FD00BAB115 /* MineTopView.swift */,
				B97459CA1F40488C00BAB115 /* MineBottomView.swift */,
				B92429F61F4185C900706084 /* FilterView.swift */,
				B92429F81F418D5500706084 /* FilterCell.swift */,
				B9242A021F4195D100706084 /* HouseOptionView.swift */,
				B92429FA1F41955000706084 /* DistrictOptionView.swift */,
				B92429FC1F41956800706084 /* PriceOptionView.swift */,
				B92429FE1F41957F00706084 /* StyleOptionView.swift */,
				B9242A001F41959200706084 /* SubwayOptionView.swift */,
				B9242A041F4199D100706084 /* DistrictOptionCell.swift */,
				B9242A061F41A2F800706084 /* PriceAndSubwayOptionCell.swift */,
				B9242A0C1F41AA3C00706084 /* FirstStyleCell.swift */,
				B9FBFE321F42A5890092AE75 /* SecondStyleCell.swift */,
				B9BCDD7A1F540F27003282DE /* SortSlideView.swift */,
			);
			name = Views;
			sourceTree = "<group>";
		};
		B91DEB1E1F13316C002B3919 /* Model */ = {
			isa = PBXGroup;
			children = (
				B93A42971F3325BA009EBACE /* House.swift */,
				B97459B11F3AE4A500BAB115 /* User.swift */,
				B94A11C1200F9BBC000428C2 /* Timestamp.swift */,
				B9ADE6572030363E002E8686 /* BaseConfig.swift */,
			);
			name = Model;
			sourceTree = "<group>";
		};
		B91DEB1F1F133174002B3919 /* ViewModels */ = {
			isa = PBXGroup;
			children = (
				B97459AD1F39A7EE00BAB115 /* HouseSearchViewModel.swift */,
				B97459B51F3AF09500BAB115 /* LoginViewModel.swift */,
				B97459C81F4045AD00BAB115 /* MineViewModel.swift */,
				B9FBFE341F42D4F90092AE75 /* HouseListViewModel.swift */,
			);
			name = ViewModels;
			sourceTree = "<group>";
		};
		B91DEB201F133199002B3919 /* Extension */ = {
			isa = PBXGroup;
			children = (
				B91DEB231F133270002B3919 /* UIColor+extension.swift */,
				B91DEBBC1F14B13F002B3919 /* UIViewController+extension.swift */,
				B91DEBCA1F14BA21002B3919 /* UIImage+extension.swift */,
				B97459B71F3C769B00BAB115 /* UserDefaults+extension.swift */,
				B9BCDD7C1F541038003282DE /* Number+extension.swift */,
				B981DAFE2021A92E0086029D /* ImageLoader.swift */,
				B981DB002021ACCB0086029D /* String+extension.swift */,
			);
			name = Extension;
			sourceTree = "<group>";
		};
		B91DEB221F1331CA002B3919 /* Common */ = {
			isa = PBXGroup;
			children = (
				B92429F41F41859100706084 /* BaseCollectionView.swift */,
				B97459A71F39A27100BAB115 /* CustomSearchView.swift */,
				B91DEBB81F147028002B3919 /* Networker.swift */,
				B91DEBBA1F14748D002B3919 /* ServerUrl.swift */,
				B91DEBC01F14B4EA002B3919 /* BaseController.swift */,
				B91DEBC21F14B524002B3919 /* BaseView.swift */,
				B91DEBC41F14B544002B3919 /* LoadingBackgroundView.swift */,
				B91DEBC61F14B902002B3919 /* NavigationController.swift */,
				B91DEBC81F14B93C002B3919 /* TabBarController.swift */,
				B94A11C320106A63000428C2 /* SDKManager.swift */,
				B938E4C21F171B75005F42BF /* TableController.swift */,
				B938E4C41F171B88005F42BF /* ListController.swift */,
				B93A42911F32FC3B009EBACE /* PagingViewModel.swift */,
				B93A42931F3303BA009EBACE /* PagingController.swift */,
				B938E4C61F172663005F42BF /* BaseViewModel.swift */,
				B9242A0A1F41A40100706084 /* BaseTableView.swift */,
				B9242A081F41A38C00706084 /* BaseTableViewCell.swift */,
				B93A428F1F32F72D009EBACE /* PullTableView.swift */,
				B97459911F34503600BAB115 /* WebViewController.swift */,
				B97459931F3471FD00BAB115 /* HUDManager.swift */,
				B97459951F3482E700BAB115 /* ErrorBackgroundView.swift */,
				B97459971F38165200BAB115 /* BizConsts.swift */,
				B97459A91F39A2BD00BAB115 /* Global.swift */,
				B97459B91F3D500B00BAB115 /* JSInteraction.swift */,
				B92429F21F41434300706084 /* Str.swift */,
				B9FBFE301F4291430092AE75 /* Notifications.swift */,
				B9FBFE361F43F3330092AE75 /* Defines.swift */,
				B9BCDD781F540EEF003282DE /* SlideView.swift */,
				B990BCC31FF388A0009E5619 /* ListViewModel.swift */,
				B990BCC51FF39819009E5619 /* App.swift */,
				B96C831820182EF200A72DAA /* AfantizzError.swift */,
				B96C831A2018365E00A72DAA /* BaseModel.swift */,
				B981DB022021CE250086029D /* PaddingLabel.swift */,
				B9ADE65920304B18002E8686 /* UserDefaultsKey.swift */,
				B9ADE65B20304C7E002E8686 /* ConfigManager.swift */,
			);
			name = Common;
			sourceTree = "<group>";
		};
		B97459C31F4032ED00BAB115 /* Source */ = {
			isa = PBXGroup;
			children = (
				B97459C61F40337F00BAB115 /* head-icon.png */,
				B97459C41F40330400BAB115 /* mineBg.jpg */,
			);
			name = Source;
			sourceTree = "<group>";
		};
		E651AE46AC9BF46809985DA5 /* Frameworks */ = {
			isa = PBXGroup;
			children = (
				D94F947A97574C6978C16D6D /* Pods_Afantizz.framework */,
			);
			name = Frameworks;
			sourceTree = "<group>";
		};
/* End PBXGroup section */

/* Begin PBXNativeTarget section */
		B91DEB061F1322ED002B3919 /* Afantizz */ = {
			isa = PBXNativeTarget;
			buildConfigurationList = B91DEB191F1322ED002B3919 /* Build configuration list for PBXNativeTarget "Afantizz" */;
			buildPhases = (
				FD968BC8457AED92F38D297E /* [CP] Check Pods Manifest.lock */,
				B91DEB031F1322ED002B3919 /* Sources */,
				B91DEB041F1322ED002B3919 /* Frameworks */,
				B91DEB051F1322ED002B3919 /* Resources */,
				654B005092FB1FAB1D8EF9EB /* [CP] Embed Pods Frameworks */,
				D9E5B84B1CC88DF38DA3DBC5 /* [CP] Copy Pods Resources */,
			);
			buildRules = (
			);
			dependencies = (
			);
			name = Afantizz;
			productName = Afantizz;
			productReference = B91DEB071F1322ED002B3919 /* Afantizz.app */;
			productType = "com.apple.product-type.application";
		};
/* End PBXNativeTarget section */

/* Begin PBXProject section */
		B91DEAFF1F1322ED002B3919 /* Project object */ = {
			isa = PBXProject;
			attributes = {
				LastSwiftUpdateCheck = 0830;
				LastUpgradeCheck = 0920;
				ORGANIZATIONNAME = lekuai;
				TargetAttributes = {
					B91DEB061F1322ED002B3919 = {
						CreatedOnToolsVersion = 8.3.3;
						DevelopmentTeam = 2ANG7P7ES4;
						LastSwiftMigration = 0920;
						ProvisioningStyle = Automatic;
					};
				};
			};
			buildConfigurationList = B91DEB021F1322ED002B3919 /* Build configuration list for PBXProject "Afantizz" */;
			compatibilityVersion = "Xcode 3.2";
			developmentRegion = English;
			hasScannedForEncodings = 0;
			knownRegions = (
				en,
				Base,
			);
			mainGroup = B91DEAFE1F1322ED002B3919;
			productRefGroup = B91DEB081F1322ED002B3919 /* Products */;
			projectDirPath = "";
			projectRoot = "";
			targets = (
				B91DEB061F1322ED002B3919 /* Afantizz */,
			);
		};
/* End PBXProject section */

/* Begin PBXResourcesBuildPhase section */
		B91DEB051F1322ED002B3919 /* Resources */ = {
			isa = PBXResourcesBuildPhase;
			buildActionMask = 2147483647;
			files = (
				B97459C71F40337F00BAB115 /* head-icon.png in Resources */,
				B91DEB151F1322ED002B3919 /* LaunchScreen.storyboard in Resources */,
				B91DEB121F1322ED002B3919 /* Assets.xcassets in Resources */,
				B97459C51F40330400BAB115 /* mineBg.jpg in Resources */,
			);
			runOnlyForDeploymentPostprocessing = 0;
		};
/* End PBXResourcesBuildPhase section */

/* Begin PBXShellScriptBuildPhase section */
		654B005092FB1FAB1D8EF9EB /* [CP] Embed Pods Frameworks */ = {
			isa = PBXShellScriptBuildPhase;
			buildActionMask = 2147483647;
			files = (
			);
			inputPaths = (
				"${SRCROOT}/Pods/Target Support Files/Pods-Afantizz/Pods-Afantizz-frameworks.sh",
				"${BUILT_PRODUCTS_DIR}/ActionSheetPicker-3.0/ActionSheetPicker_3_0.framework",
				"${BUILT_PRODUCTS_DIR}/Alamofire/Alamofire.framework",
				"${BUILT_PRODUCTS_DIR}/AlamofireNetworkActivityIndicator/AlamofireNetworkActivityIndicator.framework",
				"${BUILT_PRODUCTS_DIR}/CryptoSwift/CryptoSwift.framework",
				"${BUILT_PRODUCTS_DIR}/FCUUID/FCUUID.framework",
				"${BUILT_PRODUCTS_DIR}/HandyJSON/HandyJSON.framework",
				"${BUILT_PRODUCTS_DIR}/IQKeyboardManagerSwift/IQKeyboardManagerSwift.framework",
				"${BUILT_PRODUCTS_DIR}/KMNavigationBarTransition/KMNavigationBarTransition.framework",
				"${BUILT_PRODUCTS_DIR}/KMPlaceholderTextView/KMPlaceholderTextView.framework",
				"${BUILT_PRODUCTS_DIR}/Kingfisher/Kingfisher.framework",
				"${BUILT_PRODUCTS_DIR}/MBProgressHUD/MBProgressHUD.framework",
				"${BUILT_PRODUCTS_DIR}/MJRefresh/MJRefresh.framework",
				"${BUILT_PRODUCTS_DIR}/NJKWebViewProgress/NJKWebViewProgress.framework",
				"${BUILT_PRODUCTS_DIR}/ReachabilitySwift/Reachability.framework",
				"${PODS_ROOT}/Reveal-SDK/RevealServer-4/iOS/RevealServer.framework",
				"${BUILT_PRODUCTS_DIR}/RxCocoa/RxCocoa.framework",
				"${BUILT_PRODUCTS_DIR}/RxSwift/RxSwift.framework",
				"${BUILT_PRODUCTS_DIR}/SDCycleScrollView/SDCycleScrollView.framework",
				"${BUILT_PRODUCTS_DIR}/SDWebImage/SDWebImage.framework",
				"${BUILT_PRODUCTS_DIR}/SnapKit/SnapKit.framework",
				"${BUILT_PRODUCTS_DIR}/SwiftyJSON/SwiftyJSON.framework",
				"${BUILT_PRODUCTS_DIR}/UICKeyChainStore/UICKeyChainStore.framework",
				"${BUILT_PRODUCTS_DIR}/UIDeviceIdentifier/UIDeviceIdentifier.framework",
				"${BUILT_PRODUCTS_DIR}/WZLBadge/WZLBadge.framework",
			);
			name = "[CP] Embed Pods Frameworks";
			outputPaths = (
				"${TARGET_BUILD_DIR}/${FRAMEWORKS_FOLDER_PATH}/ActionSheetPicker_3_0.framework",
				"${TARGET_BUILD_DIR}/${FRAMEWORKS_FOLDER_PATH}/Alamofire.framework",
				"${TARGET_BUILD_DIR}/${FRAMEWORKS_FOLDER_PATH}/AlamofireNetworkActivityIndicator.framework",
				"${TARGET_BUILD_DIR}/${FRAMEWORKS_FOLDER_PATH}/CryptoSwift.framework",
				"${TARGET_BUILD_DIR}/${FRAMEWORKS_FOLDER_PATH}/FCUUID.framework",
				"${TARGET_BUILD_DIR}/${FRAMEWORKS_FOLDER_PATH}/HandyJSON.framework",
				"${TARGET_BUILD_DIR}/${FRAMEWORKS_FOLDER_PATH}/IQKeyboardManagerSwift.framework",
				"${TARGET_BUILD_DIR}/${FRAMEWORKS_FOLDER_PATH}/KMNavigationBarTransition.framework",
				"${TARGET_BUILD_DIR}/${FRAMEWORKS_FOLDER_PATH}/KMPlaceholderTextView.framework",
				"${TARGET_BUILD_DIR}/${FRAMEWORKS_FOLDER_PATH}/Kingfisher.framework",
				"${TARGET_BUILD_DIR}/${FRAMEWORKS_FOLDER_PATH}/MBProgressHUD.framework",
				"${TARGET_BUILD_DIR}/${FRAMEWORKS_FOLDER_PATH}/MJRefresh.framework",
				"${TARGET_BUILD_DIR}/${FRAMEWORKS_FOLDER_PATH}/NJKWebViewProgress.framework",
				"${TARGET_BUILD_DIR}/${FRAMEWORKS_FOLDER_PATH}/Reachability.framework",
				"${TARGET_BUILD_DIR}/${FRAMEWORKS_FOLDER_PATH}/RevealServer.framework",
				"${TARGET_BUILD_DIR}/${FRAMEWORKS_FOLDER_PATH}/RxCocoa.framework",
				"${TARGET_BUILD_DIR}/${FRAMEWORKS_FOLDER_PATH}/RxSwift.framework",
				"${TARGET_BUILD_DIR}/${FRAMEWORKS_FOLDER_PATH}/SDCycleScrollView.framework",
				"${TARGET_BUILD_DIR}/${FRAMEWORKS_FOLDER_PATH}/SDWebImage.framework",
				"${TARGET_BUILD_DIR}/${FRAMEWORKS_FOLDER_PATH}/SnapKit.framework",
				"${TARGET_BUILD_DIR}/${FRAMEWORKS_FOLDER_PATH}/SwiftyJSON.framework",
				"${TARGET_BUILD_DIR}/${FRAMEWORKS_FOLDER_PATH}/UICKeyChainStore.framework",
				"${TARGET_BUILD_DIR}/${FRAMEWORKS_FOLDER_PATH}/UIDeviceIdentifier.framework",
				"${TARGET_BUILD_DIR}/${FRAMEWORKS_FOLDER_PATH}/WZLBadge.framework",
			);
			runOnlyForDeploymentPostprocessing = 0;
			shellPath = /bin/sh;
			shellScript = "\"${SRCROOT}/Pods/Target Support Files/Pods-Afantizz/Pods-Afantizz-frameworks.sh\"\n";
			showEnvVarsInLog = 0;
		};
		D9E5B84B1CC88DF38DA3DBC5 /* [CP] Copy Pods Resources */ = {
			isa = PBXShellScriptBuildPhase;
			buildActionMask = 2147483647;
			files = (
			);
			inputPaths = (
				"${SRCROOT}/Pods/Target Support Files/Pods-Afantizz/Pods-Afantizz-resources.sh",
				"${PODS_ROOT}/AMap2DMap/MAMapKit.framework/AMap.bundle",
			);
			name = "[CP] Copy Pods Resources";
			outputPaths = (
				"${TARGET_BUILD_DIR}/${UNLOCALIZED_RESOURCES_FOLDER_PATH}",
			);
			runOnlyForDeploymentPostprocessing = 0;
			shellPath = /bin/sh;
			shellScript = "\"${SRCROOT}/Pods/Target Support Files/Pods-Afantizz/Pods-Afantizz-resources.sh\"\n";
			showEnvVarsInLog = 0;
		};
		FD968BC8457AED92F38D297E /* [CP] Check Pods Manifest.lock */ = {
			isa = PBXShellScriptBuildPhase;
			buildActionMask = 2147483647;
			files = (
			);
			inputPaths = (
				"${PODS_PODFILE_DIR_PATH}/Podfile.lock",
				"${PODS_ROOT}/Manifest.lock",
			);
			name = "[CP] Check Pods Manifest.lock";
			outputPaths = (
				"$(DERIVED_FILE_DIR)/Pods-Afantizz-checkManifestLockResult.txt",
			);
			runOnlyForDeploymentPostprocessing = 0;
			shellPath = /bin/sh;
			shellScript = "diff \"${PODS_PODFILE_DIR_PATH}/Podfile.lock\" \"${PODS_ROOT}/Manifest.lock\" > /dev/null\nif [ $? != 0 ] ; then\n    # print error to STDERR\n    echo \"error: The sandbox is not in sync with the Podfile.lock. Run 'pod install' or update your CocoaPods installation.\" >&2\n    exit 1\nfi\n# This output is used by Xcode 'outputs' to avoid re-running this script phase.\necho \"SUCCESS\" > \"${SCRIPT_OUTPUT_FILE_0}\"\n";
			showEnvVarsInLog = 0;
		};
/* End PBXShellScriptBuildPhase section */

/* Begin PBXSourcesBuildPhase section */
		B91DEB031F1322ED002B3919 /* Sources */ = {
			isa = PBXSourcesBuildPhase;
			buildActionMask = 2147483647;
			files = (
				B91DEB241F133270002B3919 /* UIColor+extension.swift in Sources */,
				B92429F91F418D5500706084 /* FilterCell.swift in Sources */,
				B97459921F34503600BAB115 /* WebViewController.swift in Sources */,
				B97459B81F3C769C00BAB115 /* UserDefaults+extension.swift in Sources */,
				B97459C91F4045AD00BAB115 /* MineViewModel.swift in Sources */,
				B97459B61F3AF09500BAB115 /* LoginViewModel.swift in Sources */,
				B91DEB0D1F1322ED002B3919 /* ViewController.swift in Sources */,
				B97459BC1F3D862000BAB115 /* HouseDetailController.swift in Sources */,
				B97459C01F3F44C000BAB115 /* MineController.swift in Sources */,
				B91DEBC91F14B93C002B3919 /* TabBarController.swift in Sources */,
				B92429FB1F41955000706084 /* DistrictOptionView.swift in Sources */,
				B981DB012021ACCB0086029D /* String+extension.swift in Sources */,
				B9242A031F4195D100706084 /* HouseOptionView.swift in Sources */,
				B97459B21F3AE4A500BAB115 /* User.swift in Sources */,
				B9242A011F41959200706084 /* SubwayOptionView.swift in Sources */,
				B91DEBCB1F14BA21002B3919 /* UIImage+extension.swift in Sources */,
				B9BCDD791F540EEF003282DE /* SlideView.swift in Sources */,
				B91DEBC11F14B4EA002B3919 /* BaseController.swift in Sources */,
				B92429F71F4185C900706084 /* FilterView.swift in Sources */,
				B91DEBBD1F14B13F002B3919 /* UIViewController+extension.swift in Sources */,
				B92429EF1F413FDD00706084 /* MyCollectionController.swift in Sources */,
				B91DEBBB1F14748D002B3919 /* ServerUrl.swift in Sources */,
				B97459C21F3F48FD00BAB115 /* MineTopView.swift in Sources */,
				B97459981F38165200BAB115 /* BizConsts.swift in Sources */,
				B93A429A1F3327DC009EBACE /* HouseListCell.swift in Sources */,
				B97459961F3482E800BAB115 /* ErrorBackgroundView.swift in Sources */,
				B91DEB0B1F1322ED002B3919 /* AppDelegate.swift in Sources */,
				B9ADE65C20304C7E002E8686 /* ConfigManager.swift in Sources */,
				B94A11C62010A5D9000428C2 /* LaunchController.swift in Sources */,
				B97459BE1F3DB16200BAB115 /* ComplainController.swift in Sources */,
				B97459B41F3AE55A00BAB115 /* LoginController.swift in Sources */,
				B938E4C31F171B75005F42BF /* TableController.swift in Sources */,
				B91DEBB91F147028002B3919 /* Networker.swift in Sources */,
				B990BCC61FF39819009E5619 /* App.swift in Sources */,
				B92429F11F413FEE00706084 /* FeedbackController.swift in Sources */,
				B97459CB1F40488C00BAB115 /* MineBottomView.swift in Sources */,
				B990BCC41FF388A0009E5619 /* ListViewModel.swift in Sources */,
				B93A42961F332566009EBACE /* HouseListController.swift in Sources */,
				B9242A091F41A38C00706084 /* BaseTableViewCell.swift in Sources */,
				B9BCDD7B1F540F27003282DE /* SortSlideView.swift in Sources */,
				B9FBFE351F42D4F90092AE75 /* HouseListViewModel.swift in Sources */,
				B97459AC1F39A35800BAB115 /* HouseSearchController.swift in Sources */,
				B97459A81F39A27100BAB115 /* CustomSearchView.swift in Sources */,
				B9242A0D1F41AA3C00706084 /* FirstStyleCell.swift in Sources */,
				B97459941F3471FD00BAB115 /* HUDManager.swift in Sources */,
				B94A11C2200F9BBC000428C2 /* Timestamp.swift in Sources */,
				B9FBFE371F43F3330092AE75 /* Defines.swift in Sources */,
				B92429FD1F41956800706084 /* PriceOptionView.swift in Sources */,
				B9242A0B1F41A40100706084 /* BaseTableView.swift in Sources */,
				B91DEBC71F14B902002B3919 /* NavigationController.swift in Sources */,
				B93A42941F3303BA009EBACE /* PagingController.swift in Sources */,
				B93A42921F32FC3B009EBACE /* PagingViewModel.swift in Sources */,
				B938E4C71F172663005F42BF /* BaseViewModel.swift in Sources */,
				B91DEBC51F14B544002B3919 /* LoadingBackgroundView.swift in Sources */,
				B998B17D201EF75000AF58EA /* TestController.swift in Sources */,
				B9ADE65A20304B18002E8686 /* UserDefaultsKey.swift in Sources */,
				B92429F31F41434300706084 /* Str.swift in Sources */,
				B9FBFE331F42A5890092AE75 /* SecondStyleCell.swift in Sources */,
				B96C831B2018365E00A72DAA /* BaseModel.swift in Sources */,
				B97459AE1F39A7EE00BAB115 /* HouseSearchViewModel.swift in Sources */,
				B9242A071F41A2F900706084 /* PriceAndSubwayOptionCell.swift in Sources */,
				B91DEBC31F14B524002B3919 /* BaseView.swift in Sources */,
				B9242A051F4199D100706084 /* DistrictOptionCell.swift in Sources */,
				B97459BA1F3D500B00BAB115 /* JSInteraction.swift in Sources */,
				B97459B01F3AE39500BAB115 /* ReleaseController.swift in Sources */,
				B93A42901F32F72D009EBACE /* PullTableView.swift in Sources */,
				B981DB032021CE250086029D /* PaddingLabel.swift in Sources */,
				B92429F51F41859100706084 /* BaseCollectionView.swift in Sources */,
				B9BCDD7D1F541038003282DE /* Number+extension.swift in Sources */,
				B92429FF1F41957F00706084 /* StyleOptionView.swift in Sources */,
				B93A42981F3325BB009EBACE /* House.swift in Sources */,
				B938E4C51F171B88005F42BF /* ListController.swift in Sources */,
				B97459AA1F39A2BD00BAB115 /* Global.swift in Sources */,
				B92429ED1F413FCA00706084 /* MyReleaseController.swift in Sources */,
				B96C831920182EF200A72DAA /* AfantizzError.swift in Sources */,
				B9FBFE311F4291430092AE75 /* Notifications.swift in Sources */,
				B9ADE6582030363E002E8686 /* BaseConfig.swift in Sources */,
				B981DAFF2021A92E0086029D /* ImageLoader.swift in Sources */,
				B94A11C420106A63000428C2 /* SDKManager.swift in Sources */,
			);
			runOnlyForDeploymentPostprocessing = 0;
		};
/* End PBXSourcesBuildPhase section */

/* Begin PBXVariantGroup section */
		B91DEB131F1322ED002B3919 /* LaunchScreen.storyboard */ = {
			isa = PBXVariantGroup;
			children = (
				B91DEB141F1322ED002B3919 /* Base */,
			);
			name = LaunchScreen.storyboard;
			sourceTree = "<group>";
		};
/* End PBXVariantGroup section */

/* Begin XCBuildConfiguration section */
		B91DEB171F1322ED002B3919 /* Debug */ = {
			isa = XCBuildConfiguration;
			buildSettings = {
				ALWAYS_SEARCH_USER_PATHS = NO;
				CLANG_ANALYZER_NONNULL = YES;
				CLANG_ANALYZER_NUMBER_OBJECT_CONVERSION = YES_AGGRESSIVE;
				CLANG_CXX_LANGUAGE_STANDARD = "gnu++0x";
				CLANG_CXX_LIBRARY = "libc++";
				CLANG_ENABLE_MODULES = YES;
				CLANG_ENABLE_OBJC_ARC = YES;
				CLANG_WARN_BLOCK_CAPTURE_AUTORELEASING = YES;
				CLANG_WARN_BOOL_CONVERSION = YES;
				CLANG_WARN_COMMA = YES;
				CLANG_WARN_CONSTANT_CONVERSION = YES;
				CLANG_WARN_DIRECT_OBJC_ISA_USAGE = YES_ERROR;
				CLANG_WARN_DOCUMENTATION_COMMENTS = YES;
				CLANG_WARN_EMPTY_BODY = YES;
				CLANG_WARN_ENUM_CONVERSION = YES;
				CLANG_WARN_INFINITE_RECURSION = YES;
				CLANG_WARN_INT_CONVERSION = YES;
				CLANG_WARN_NON_LITERAL_NULL_CONVERSION = YES;
				CLANG_WARN_OBJC_LITERAL_CONVERSION = YES;
				CLANG_WARN_OBJC_ROOT_CLASS = YES_ERROR;
				CLANG_WARN_RANGE_LOOP_ANALYSIS = YES;
				CLANG_WARN_STRICT_PROTOTYPES = YES;
				CLANG_WARN_SUSPICIOUS_MOVE = YES;
				CLANG_WARN_UNREACHABLE_CODE = YES;
				CLANG_WARN__DUPLICATE_METHOD_MATCH = YES;
				"CODE_SIGN_IDENTITY[sdk=iphoneos*]" = "iPhone Developer";
				COPY_PHASE_STRIP = NO;
				DEBUG_INFORMATION_FORMAT = dwarf;
				ENABLE_STRICT_OBJC_MSGSEND = YES;
				ENABLE_TESTABILITY = YES;
				GCC_C_LANGUAGE_STANDARD = gnu99;
				GCC_DYNAMIC_NO_PIC = NO;
				GCC_NO_COMMON_BLOCKS = YES;
				GCC_OPTIMIZATION_LEVEL = 0;
				GCC_PREPROCESSOR_DEFINITIONS = (
					"DEBUG=1",
					"$(inherited)",
				);
				GCC_WARN_64_TO_32_BIT_CONVERSION = YES;
				GCC_WARN_ABOUT_RETURN_TYPE = YES_ERROR;
				GCC_WARN_UNDECLARED_SELECTOR = YES;
				GCC_WARN_UNINITIALIZED_AUTOS = YES_AGGRESSIVE;
				GCC_WARN_UNUSED_FUNCTION = YES;
				GCC_WARN_UNUSED_VARIABLE = YES;
				IPHONEOS_DEPLOYMENT_TARGET = 10.3;
				MTL_ENABLE_DEBUG_INFO = YES;
				ONLY_ACTIVE_ARCH = YES;
				SDKROOT = iphoneos;
				SWIFT_ACTIVE_COMPILATION_CONDITIONS = DEBUG;
				SWIFT_OPTIMIZATION_LEVEL = "-Onone";
				TARGETED_DEVICE_FAMILY = "1,2";
			};
			name = Debug;
		};
		B91DEB181F1322ED002B3919 /* Release */ = {
			isa = XCBuildConfiguration;
			buildSettings = {
				ALWAYS_SEARCH_USER_PATHS = NO;
				CLANG_ANALYZER_NONNULL = YES;
				CLANG_ANALYZER_NUMBER_OBJECT_CONVERSION = YES_AGGRESSIVE;
				CLANG_CXX_LANGUAGE_STANDARD = "gnu++0x";
				CLANG_CXX_LIBRARY = "libc++";
				CLANG_ENABLE_MODULES = YES;
				CLANG_ENABLE_OBJC_ARC = YES;
				CLANG_WARN_BLOCK_CAPTURE_AUTORELEASING = YES;
				CLANG_WARN_BOOL_CONVERSION = YES;
				CLANG_WARN_COMMA = YES;
				CLANG_WARN_CONSTANT_CONVERSION = YES;
				CLANG_WARN_DIRECT_OBJC_ISA_USAGE = YES_ERROR;
				CLANG_WARN_DOCUMENTATION_COMMENTS = YES;
				CLANG_WARN_EMPTY_BODY = YES;
				CLANG_WARN_ENUM_CONVERSION = YES;
				CLANG_WARN_INFINITE_RECURSION = YES;
				CLANG_WARN_INT_CONVERSION = YES;
				CLANG_WARN_NON_LITERAL_NULL_CONVERSION = YES;
				CLANG_WARN_OBJC_LITERAL_CONVERSION = YES;
				CLANG_WARN_OBJC_ROOT_CLASS = YES_ERROR;
				CLANG_WARN_RANGE_LOOP_ANALYSIS = YES;
				CLANG_WARN_STRICT_PROTOTYPES = YES;
				CLANG_WARN_SUSPICIOUS_MOVE = YES;
				CLANG_WARN_UNREACHABLE_CODE = YES;
				CLANG_WARN__DUPLICATE_METHOD_MATCH = YES;
				"CODE_SIGN_IDENTITY[sdk=iphoneos*]" = "iPhone Developer";
				COPY_PHASE_STRIP = NO;
				DEBUG_INFORMATION_FORMAT = "dwarf-with-dsym";
				ENABLE_NS_ASSERTIONS = NO;
				ENABLE_STRICT_OBJC_MSGSEND = YES;
				GCC_C_LANGUAGE_STANDARD = gnu99;
				GCC_NO_COMMON_BLOCKS = YES;
				GCC_WARN_64_TO_32_BIT_CONVERSION = YES;
				GCC_WARN_ABOUT_RETURN_TYPE = YES_ERROR;
				GCC_WARN_UNDECLARED_SELECTOR = YES;
				GCC_WARN_UNINITIALIZED_AUTOS = YES_AGGRESSIVE;
				GCC_WARN_UNUSED_FUNCTION = YES;
				GCC_WARN_UNUSED_VARIABLE = YES;
				IPHONEOS_DEPLOYMENT_TARGET = 10.3;
				MTL_ENABLE_DEBUG_INFO = NO;
				SDKROOT = iphoneos;
				SWIFT_OPTIMIZATION_LEVEL = "-Owholemodule";
				TARGETED_DEVICE_FAMILY = "1,2";
				VALIDATE_PRODUCT = YES;
			};
			name = Release;
		};
		B91DEB1A1F1322ED002B3919 /* Debug */ = {
			isa = XCBuildConfiguration;
			baseConfigurationReference = 973AF5DD7CEA8605FCD9BB5D /* Pods-Afantizz.debug.xcconfig */;
			buildSettings = {
				ASSETCATALOG_COMPILER_APPICON_NAME = AppIcon;
				"CODE_SIGN_IDENTITY[sdk=iphoneos*]" = "iPhone Developer";
				CODE_SIGN_STYLE = Automatic;
				DEVELOPMENT_TEAM = 2ANG7P7ES4;
				INFOPLIST_FILE = Afantizz/Info.plist;
				IPHONEOS_DEPLOYMENT_TARGET = 8.0;
				LD_RUNPATH_SEARCH_PATHS = "$(inherited) @executable_path/Frameworks";
				PRODUCT_BUNDLE_IDENTIFIER = lekuai.Afantizz;
				PRODUCT_NAME = "$(TARGET_NAME)";
				PROVISIONING_PROFILE_SPECIFIER = "";
				SWIFT_SWIFT3_OBJC_INFERENCE = Default;
				SWIFT_VERSION = 4.0;
				TARGETED_DEVICE_FAMILY = 1;
			};
			name = Debug;
		};
		B91DEB1B1F1322ED002B3919 /* Release */ = {
			isa = XCBuildConfiguration;
			baseConfigurationReference = 14B02A5E177DF35E1B850FE3 /* Pods-Afantizz.release.xcconfig */;
			buildSettings = {
				ASSETCATALOG_COMPILER_APPICON_NAME = AppIcon;
				"CODE_SIGN_IDENTITY[sdk=iphoneos*]" = "iPhone Developer";
				CODE_SIGN_STYLE = Automatic;
				DEVELOPMENT_TEAM = 2ANG7P7ES4;
				INFOPLIST_FILE = Afantizz/Info.plist;
				IPHONEOS_DEPLOYMENT_TARGET = 8.0;
				LD_RUNPATH_SEARCH_PATHS = "$(inherited) @executable_path/Frameworks";
				PRODUCT_BUNDLE_IDENTIFIER = lekuai.Afantizz;
				PRODUCT_NAME = "$(TARGET_NAME)";
				PROVISIONING_PROFILE_SPECIFIER = "";
				SWIFT_SWIFT3_OBJC_INFERENCE = Default;
				SWIFT_VERSION = 4.0;
				TARGETED_DEVICE_FAMILY = 1;
			};
			name = Release;
		};
/* End XCBuildConfiguration section */

/* Begin XCConfigurationList section */
		B91DEB021F1322ED002B3919 /* Build configuration list for PBXProject "Afantizz" */ = {
			isa = XCConfigurationList;
			buildConfigurations = (
				B91DEB171F1322ED002B3919 /* Debug */,
				B91DEB181F1322ED002B3919 /* Release */,
			);
			defaultConfigurationIsVisible = 0;
			defaultConfigurationName = Release;
		};
		B91DEB191F1322ED002B3919 /* Build configuration list for PBXNativeTarget "Afantizz" */ = {
			isa = XCConfigurationList;
			buildConfigurations = (
				B91DEB1A1F1322ED002B3919 /* Debug */,
				B91DEB1B1F1322ED002B3919 /* Release */,
			);
			defaultConfigurationIsVisible = 0;
			defaultConfigurationName = Release;
		};
/* End XCConfigurationList section */
	};
	rootObject = B91DEAFF1F1322ED002B3919 /* Project object */;
}
